// !$*UTF8*$!
{
	archiveVersion = 1;
	classes = {
	};
	objectVersion = 56;
	objects = {

/* Begin PBXBuildFile section */
		B55C02FA2955A42D00708A29 /* ExplorerViewModel.swift in Sources */ = {isa = PBXBuildFile; fileRef = B55C02F92955A42D00708A29 /* ExplorerViewModel.swift */; };
		B55C02FC2955C84300708A29 /* HotSalesView.swift in Sources */ = {isa = PBXBuildFile; fileRef = B55C02FB2955C84300708A29 /* HotSalesView.swift */; };
		B55C03032955EF2600708A29 /* HotSalesTabView.swift in Sources */ = {isa = PBXBuildFile; fileRef = B55C03022955EF2600708A29 /* HotSalesTabView.swift */; };
		B55C03072955F3A900708A29 /* ProductItemView.swift in Sources */ = {isa = PBXBuildFile; fileRef = B55C03062955F3A900708A29 /* ProductItemView.swift */; };
		B55C03092955FB3E00708A29 /* ProductsGridView.swift in Sources */ = {isa = PBXBuildFile; fileRef = B55C03082955FB3E00708A29 /* ProductsGridView.swift */; };
		B5B4C93F29510172001F8FDB /* Mark Pro.ttf in Resources */ = {isa = PBXBuildFile; fileRef = B5B4C93E29510172001F8FDB /* Mark Pro.ttf */; };
		B5B4C9412951017F001F8FDB /* Mark Pro Bold.ttf in Resources */ = {isa = PBXBuildFile; fileRef = B5B4C9402951017F001F8FDB /* Mark Pro Bold.ttf */; };
		B5B4C9432951018C001F8FDB /* Mark Pro Heavy.ttf in Resources */ = {isa = PBXBuildFile; fileRef = B5B4C9422951018C001F8FDB /* Mark Pro Heavy.ttf */; };
		B5B4C9452951019A001F8FDB /* Mark Pro Medium.ttf in Resources */ = {isa = PBXBuildFile; fileRef = B5B4C9442951019A001F8FDB /* Mark Pro Medium.ttf */; };
		B5B4C9482951025C001F8FDB /* CustomFonts.swift in Sources */ = {isa = PBXBuildFile; fileRef = B5B4C9472951025C001F8FDB /* CustomFonts.swift */; };
		B5B4C94D29510B62001F8FDB /* Explorer.swift in Sources */ = {isa = PBXBuildFile; fileRef = B5B4C94C29510B62001F8FDB /* Explorer.swift */; };
		B5B4C94F29510B6F001F8FDB /* Cart.swift in Sources */ = {isa = PBXBuildFile; fileRef = B5B4C94E29510B6F001F8FDB /* Cart.swift */; };
		B5B4C95129510B78001F8FDB /* Favorites.swift in Sources */ = {isa = PBXBuildFile; fileRef = B5B4C95029510B78001F8FDB /* Favorites.swift */; };
		B5B4C95329510B89001F8FDB /* Profile.swift in Sources */ = {isa = PBXBuildFile; fileRef = B5B4C95229510B89001F8FDB /* Profile.swift */; };
		B5B4C95529510C88001F8FDB /* Launch Screen.storyboard in Resources */ = {isa = PBXBuildFile; fileRef = B5B4C95429510C88001F8FDB /* Launch Screen.storyboard */; };
		B5B4C957295193F1001F8FDB /* TabBar.swift in Sources */ = {isa = PBXBuildFile; fileRef = B5B4C956295193F1001F8FDB /* TabBar.swift */; };
		B5B4C9592951B3D6001F8FDB /* SharedDataModel.swift in Sources */ = {isa = PBXBuildFile; fileRef = B5B4C9582951B3D6001F8FDB /* SharedDataModel.swift */; };
		B5B4C95B2951D605001F8FDB /* CustomCorners.swift in Sources */ = {isa = PBXBuildFile; fileRef = B5B4C95A2951D605001F8FDB /* CustomCorners.swift */; };
		B5B4C95D2951DDDC001F8FDB /* CartView.swift in Sources */ = {isa = PBXBuildFile; fileRef = B5B4C95C2951DDDC001F8FDB /* CartView.swift */; };
		B5B4C9692951EE68001F8FDB /* products.json in Resources */ = {isa = PBXBuildFile; fileRef = B5B4C9662951EE68001F8FDB /* products.json */; };
		B5B4C96A2951EE68001F8FDB /* basket.json in Resources */ = {isa = PBXBuildFile; fileRef = B5B4C9672951EE68001F8FDB /* basket.json */; };
		B5B4C96B2951EE68001F8FDB /* details.json in Resources */ = {isa = PBXBuildFile; fileRef = B5B4C9682951EE68001F8FDB /* details.json */; };
		B5B4C96D2951EEA5001F8FDB /* CodableBundleExtension.swift in Sources */ = {isa = PBXBuildFile; fileRef = B5B4C96C2951EEA5001F8FDB /* CodableBundleExtension.swift */; };
		B5B4C96F2951EFD8001F8FDB /* ProductsStore.swift in Sources */ = {isa = PBXBuildFile; fileRef = B5B4C96E2951EFD8001F8FDB /* ProductsStore.swift */; };
		B5B4C97129522573001F8FDB /* DetailProductView.swift in Sources */ = {isa = PBXBuildFile; fileRef = B5B4C97029522573001F8FDB /* DetailProductView.swift */; };
		B5B4C99B2952E67F001F8FDB /* SnapCarousel.swift in Sources */ = {isa = PBXBuildFile; fileRef = B5B4C99A2952E67F001F8FDB /* SnapCarousel.swift */; };
		B5C7D5A329503B6200A363B9 /* EcommerceConceptApp.swift in Sources */ = {isa = PBXBuildFile; fileRef = B5C7D5A229503B6200A363B9 /* EcommerceConceptApp.swift */; };
		B5C7D5A529503B6200A363B9 /* ContentView.swift in Sources */ = {isa = PBXBuildFile; fileRef = B5C7D5A429503B6200A363B9 /* ContentView.swift */; };
		B5C7D5A729503B6400A363B9 /* Assets.xcassets in Resources */ = {isa = PBXBuildFile; fileRef = B5C7D5A629503B6400A363B9 /* Assets.xcassets */; };
		B5C7D5AA29503B6400A363B9 /* Preview Assets.xcassets in Resources */ = {isa = PBXBuildFile; fileRef = B5C7D5A929503B6400A363B9 /* Preview Assets.xcassets */; };
		B5C7D5B129503F5400A363B9 /* DownloadManager.swift in Sources */ = {isa = PBXBuildFile; fileRef = B5C7D5B029503F5400A363B9 /* DownloadManager.swift */; };
		B5C7D5B92950934300A363B9 /* MainModel.swift in Sources */ = {isa = PBXBuildFile; fileRef = B5C7D5B82950934300A363B9 /* MainModel.swift */; };
		B5C7D5BB2950937D00A363B9 /* DetailProduct.swift in Sources */ = {isa = PBXBuildFile; fileRef = B5C7D5BA2950937D00A363B9 /* DetailProduct.swift */; };
		B5C7D5BD2950938D00A363B9 /* BasketModel.swift in Sources */ = {isa = PBXBuildFile; fileRef = B5C7D5BC2950938D00A363B9 /* BasketModel.swift */; };
/* End PBXBuildFile section */

/* Begin PBXFileReference section */
		B55C02F92955A42D00708A29 /* ExplorerViewModel.swift */ = {isa = PBXFileReference; lastKnownFileType = sourcecode.swift; path = ExplorerViewModel.swift; sourceTree = "<group>"; };
		B55C02FB2955C84300708A29 /* HotSalesView.swift */ = {isa = PBXFileReference; lastKnownFileType = sourcecode.swift; path = HotSalesView.swift; sourceTree = "<group>"; };
		B55C03022955EF2600708A29 /* HotSalesTabView.swift */ = {isa = PBXFileReference; lastKnownFileType = sourcecode.swift; path = HotSalesTabView.swift; sourceTree = "<group>"; };
		B55C03062955F3A900708A29 /* ProductItemView.swift */ = {isa = PBXFileReference; lastKnownFileType = sourcecode.swift; path = ProductItemView.swift; sourceTree = "<group>"; };
		B55C03082955FB3E00708A29 /* ProductsGridView.swift */ = {isa = PBXFileReference; lastKnownFileType = sourcecode.swift; path = ProductsGridView.swift; sourceTree = "<group>"; };
		B5B4C93E29510172001F8FDB /* Mark Pro.ttf */ = {isa = PBXFileReference; lastKnownFileType = file; path = "Mark Pro.ttf"; sourceTree = "<group>"; };
		B5B4C9402951017F001F8FDB /* Mark Pro Bold.ttf */ = {isa = PBXFileReference; lastKnownFileType = file; path = "Mark Pro Bold.ttf"; sourceTree = "<group>"; };
		B5B4C9422951018C001F8FDB /* Mark Pro Heavy.ttf */ = {isa = PBXFileReference; lastKnownFileType = file; path = "Mark Pro Heavy.ttf"; sourceTree = "<group>"; };
		B5B4C9442951019A001F8FDB /* Mark Pro Medium.ttf */ = {isa = PBXFileReference; lastKnownFileType = file; path = "Mark Pro Medium.ttf"; sourceTree = "<group>"; };
		B5B4C946295101F5001F8FDB /* Info.plist */ = {isa = PBXFileReference; lastKnownFileType = text.plist; path = Info.plist; sourceTree = "<group>"; };
		B5B4C9472951025C001F8FDB /* CustomFonts.swift */ = {isa = PBXFileReference; lastKnownFileType = sourcecode.swift; path = CustomFonts.swift; sourceTree = "<group>"; };
		B5B4C94C29510B62001F8FDB /* Explorer.swift */ = {isa = PBXFileReference; lastKnownFileType = sourcecode.swift; path = Explorer.swift; sourceTree = "<group>"; };
		B5B4C94E29510B6F001F8FDB /* Cart.swift */ = {isa = PBXFileReference; lastKnownFileType = sourcecode.swift; path = Cart.swift; sourceTree = "<group>"; };
		B5B4C95029510B78001F8FDB /* Favorites.swift */ = {isa = PBXFileReference; lastKnownFileType = sourcecode.swift; path = Favorites.swift; sourceTree = "<group>"; };
		B5B4C95229510B89001F8FDB /* Profile.swift */ = {isa = PBXFileReference; lastKnownFileType = sourcecode.swift; path = Profile.swift; sourceTree = "<group>"; };
		B5B4C95429510C88001F8FDB /* Launch Screen.storyboard */ = {isa = PBXFileReference; lastKnownFileType = file.storyboard; path = "Launch Screen.storyboard"; sourceTree = "<group>"; };
		B5B4C956295193F1001F8FDB /* TabBar.swift */ = {isa = PBXFileReference; lastKnownFileType = sourcecode.swift; path = TabBar.swift; sourceTree = "<group>"; };
		B5B4C9582951B3D6001F8FDB /* SharedDataModel.swift */ = {isa = PBXFileReference; lastKnownFileType = sourcecode.swift; path = SharedDataModel.swift; sourceTree = "<group>"; };
		B5B4C95A2951D605001F8FDB /* CustomCorners.swift */ = {isa = PBXFileReference; lastKnownFileType = sourcecode.swift; path = CustomCorners.swift; sourceTree = "<group>"; };
		B5B4C95C2951DDDC001F8FDB /* CartView.swift */ = {isa = PBXFileReference; lastKnownFileType = sourcecode.swift; path = CartView.swift; sourceTree = "<group>"; };
		B5B4C9662951EE68001F8FDB /* products.json */ = {isa = PBXFileReference; fileEncoding = 4; lastKnownFileType = text.json; path = products.json; sourceTree = "<group>"; };
		B5B4C9672951EE68001F8FDB /* basket.json */ = {isa = PBXFileReference; fileEncoding = 4; lastKnownFileType = text.json; path = basket.json; sourceTree = "<group>"; };
		B5B4C9682951EE68001F8FDB /* details.json */ = {isa = PBXFileReference; fileEncoding = 4; lastKnownFileType = text.json; path = details.json; sourceTree = "<group>"; };
		B5B4C96C2951EEA5001F8FDB /* CodableBundleExtension.swift */ = {isa = PBXFileReference; lastKnownFileType = sourcecode.swift; path = CodableBundleExtension.swift; sourceTree = "<group>"; };
		B5B4C96E2951EFD8001F8FDB /* ProductsStore.swift */ = {isa = PBXFileReference; lastKnownFileType = sourcecode.swift; path = ProductsStore.swift; sourceTree = "<group>"; };
		B5B4C97029522573001F8FDB /* DetailProductView.swift */ = {isa = PBXFileReference; lastKnownFileType = sourcecode.swift; path = DetailProductView.swift; sourceTree = "<group>"; };
		B5B4C99A2952E67F001F8FDB /* SnapCarousel.swift */ = {isa = PBXFileReference; lastKnownFileType = sourcecode.swift; path = SnapCarousel.swift; sourceTree = "<group>"; };
		B5C7D59F29503B6200A363B9 /* EcommerceConcept.app */ = {isa = PBXFileReference; explicitFileType = wrapper.application; includeInIndex = 0; path = EcommerceConcept.app; sourceTree = BUILT_PRODUCTS_DIR; };
		B5C7D5A229503B6200A363B9 /* EcommerceConceptApp.swift */ = {isa = PBXFileReference; lastKnownFileType = sourcecode.swift; path = EcommerceConceptApp.swift; sourceTree = "<group>"; };
		B5C7D5A429503B6200A363B9 /* ContentView.swift */ = {isa = PBXFileReference; lastKnownFileType = sourcecode.swift; path = ContentView.swift; sourceTree = "<group>"; };
		B5C7D5A629503B6400A363B9 /* Assets.xcassets */ = {isa = PBXFileReference; lastKnownFileType = folder.assetcatalog; path = Assets.xcassets; sourceTree = "<group>"; };
		B5C7D5A929503B6400A363B9 /* Preview Assets.xcassets */ = {isa = PBXFileReference; lastKnownFileType = folder.assetcatalog; path = "Preview Assets.xcassets"; sourceTree = "<group>"; };
		B5C7D5B029503F5400A363B9 /* DownloadManager.swift */ = {isa = PBXFileReference; lastKnownFileType = sourcecode.swift; path = DownloadManager.swift; sourceTree = "<group>"; };
		B5C7D5B82950934300A363B9 /* MainModel.swift */ = {isa = PBXFileReference; lastKnownFileType = sourcecode.swift; path = MainModel.swift; sourceTree = "<group>"; };
		B5C7D5BA2950937D00A363B9 /* DetailProduct.swift */ = {isa = PBXFileReference; lastKnownFileType = sourcecode.swift; path = DetailProduct.swift; sourceTree = "<group>"; };
		B5C7D5BC2950938D00A363B9 /* BasketModel.swift */ = {isa = PBXFileReference; lastKnownFileType = sourcecode.swift; path = BasketModel.swift; sourceTree = "<group>"; };
/* End PBXFileReference section */

/* Begin PBXFrameworksBuildPhase section */
		B5C7D59C29503B6200A363B9 /* Frameworks */ = {
			isa = PBXFrameworksBuildPhase;
			buildActionMask = 2147483647;
			files = (
			);
			runOnlyForDeploymentPostprocessing = 0;
		};
/* End PBXFrameworksBuildPhase section */

/* Begin PBXGroup section */
		B55C03042955F1C700708A29 /* HotSales */ = {
			isa = PBXGroup;
			children = (
				B55C02FB2955C84300708A29 /* HotSalesView.swift */,
				B55C03022955EF2600708A29 /* HotSalesTabView.swift */,
			);
			path = HotSales;
			sourceTree = "<group>";
		};
		B55C03052955F36B00708A29 /* BestSellers */ = {
			isa = PBXGroup;
			children = (
				B55C03062955F3A900708A29 /* ProductItemView.swift */,
				B55C03082955FB3E00708A29 /* ProductsGridView.swift */,
			);
			path = BestSellers;
			sourceTree = "<group>";
		};
		B5B4C93C2950FED6001F8FDB /* Model */ = {
			isa = PBXGroup;
			children = (
				B5C7D5B82950934300A363B9 /* MainModel.swift */,
				B5C7D5BA2950937D00A363B9 /* DetailProduct.swift */,
				B5C7D5BC2950938D00A363B9 /* BasketModel.swift */,
				B5C7D5B029503F5400A363B9 /* DownloadManager.swift */,
				B5B4C96C2951EEA5001F8FDB /* CodableBundleExtension.swift */,
			);
			path = Model;
			sourceTree = "<group>";
		};
		B5B4C93D29510161001F8FDB /* Fonts */ = {
			isa = PBXGroup;
			children = (
				B5B4C93E29510172001F8FDB /* Mark Pro.ttf */,
				B5B4C9442951019A001F8FDB /* Mark Pro Medium.ttf */,
				B5B4C9402951017F001F8FDB /* Mark Pro Bold.ttf */,
				B5B4C9422951018C001F8FDB /* Mark Pro Heavy.ttf */,
				B5B4C9472951025C001F8FDB /* CustomFonts.swift */,
			);
			path = Fonts;
			sourceTree = "<group>";
		};
		B5B4C94929510AFC001F8FDB /* View */ = {
			isa = PBXGroup;
			children = (
				B5B4C94B29510B20001F8FDB /* TabViews */,
				B5B4C956295193F1001F8FDB /* TabBar.swift */,
				B5B4C97029522573001F8FDB /* DetailProductView.swift */,
				B5B4C99A2952E67F001F8FDB /* SnapCarousel.swift */,
				B55C03042955F1C700708A29 /* HotSales */,
				B55C03052955F36B00708A29 /* BestSellers */,
			);
			path = View;
			sourceTree = "<group>";
		};
		B5B4C94A29510B03001F8FDB /* ViewModel */ = {
			isa = PBXGroup;
			children = (
				B5B4C9582951B3D6001F8FDB /* SharedDataModel.swift */,
				B55C02F92955A42D00708A29 /* ExplorerViewModel.swift */,
				B5B4C95A2951D605001F8FDB /* CustomCorners.swift */,
				B5B4C95C2951DDDC001F8FDB /* CartView.swift */,
				B5B4C96E2951EFD8001F8FDB /* ProductsStore.swift */,
			);
			path = ViewModel;
			sourceTree = "<group>";
		};
		B5B4C94B29510B20001F8FDB /* TabViews */ = {
			isa = PBXGroup;
			children = (
				B5B4C94C29510B62001F8FDB /* Explorer.swift */,
				B5B4C94E29510B6F001F8FDB /* Cart.swift */,
				B5B4C95029510B78001F8FDB /* Favorites.swift */,
				B5B4C95229510B89001F8FDB /* Profile.swift */,
			);
			path = TabViews;
			sourceTree = "<group>";
		};
		B5B4C9652951EE54001F8FDB /* Data */ = {
			isa = PBXGroup;
			children = (
				B5B4C9672951EE68001F8FDB /* basket.json */,
				B5B4C9682951EE68001F8FDB /* details.json */,
				B5B4C9662951EE68001F8FDB /* products.json */,
			);
			path = Data;
			sourceTree = "<group>";
		};
		B5C7D59629503B6200A363B9 = {
			isa = PBXGroup;
			children = (
				B5C7D5A129503B6200A363B9 /* EcommerceConcept */,
				B5C7D5A029503B6200A363B9 /* Products */,
			);
			sourceTree = "<group>";
		};
		B5C7D5A029503B6200A363B9 /* Products */ = {
			isa = PBXGroup;
			children = (
				B5C7D59F29503B6200A363B9 /* EcommerceConcept.app */,
			);
			name = Products;
			sourceTree = "<group>";
		};
		B5C7D5A129503B6200A363B9 /* EcommerceConcept */ = {
			isa = PBXGroup;
			children = (
				B5B4C9652951EE54001F8FDB /* Data */,
				B5B4C93C2950FED6001F8FDB /* Model */,
				B5B4C94929510AFC001F8FDB /* View */,
				B5B4C94A29510B03001F8FDB /* ViewModel */,
				B5B4C93D29510161001F8FDB /* Fonts */,
				B5C7D5A229503B6200A363B9 /* EcommerceConceptApp.swift */,
				B5C7D5A429503B6200A363B9 /* ContentView.swift */,
				B5B4C95429510C88001F8FDB /* Launch Screen.storyboard */,
				B5C7D5A629503B6400A363B9 /* Assets.xcassets */,
				B5B4C946295101F5001F8FDB /* Info.plist */,
				B5C7D5A829503B6400A363B9 /* Preview Content */,
			);
			path = EcommerceConcept;
			sourceTree = "<group>";
		};
		B5C7D5A829503B6400A363B9 /* Preview Content */ = {
			isa = PBXGroup;
			children = (
				B5C7D5A929503B6400A363B9 /* Preview Assets.xcassets */,
			);
			path = "Preview Content";
			sourceTree = "<group>";
		};
/* End PBXGroup section */

/* Begin PBXNativeTarget section */
		B5C7D59E29503B6200A363B9 /* EcommerceConcept */ = {
			isa = PBXNativeTarget;
			buildConfigurationList = B5C7D5AD29503B6400A363B9 /* Build configuration list for PBXNativeTarget "EcommerceConcept" */;
			buildPhases = (
				B5C7D59B29503B6200A363B9 /* Sources */,
				B5C7D59C29503B6200A363B9 /* Frameworks */,
				B5C7D59D29503B6200A363B9 /* Resources */,
			);
			buildRules = (
			);
			dependencies = (
			);
			name = EcommerceConcept;
			productName = EcommerceConcept;
			productReference = B5C7D59F29503B6200A363B9 /* EcommerceConcept.app */;
			productType = "com.apple.product-type.application";
		};
/* End PBXNativeTarget section */

/* Begin PBXProject section */
		B5C7D59729503B6200A363B9 /* Project object */ = {
			isa = PBXProject;
			attributes = {
				BuildIndependentTargetsInParallel = 1;
				LastSwiftUpdateCheck = 1420;
				LastUpgradeCheck = 1420;
				TargetAttributes = {
					B5C7D59E29503B6200A363B9 = {
						CreatedOnToolsVersion = 14.2;
					};
				};
			};
			buildConfigurationList = B5C7D59A29503B6200A363B9 /* Build configuration list for PBXProject "EcommerceConcept" */;
			compatibilityVersion = "Xcode 14.0";
			developmentRegion = en;
			hasScannedForEncodings = 0;
			knownRegions = (
				en,
				Base,
			);
			mainGroup = B5C7D59629503B6200A363B9;
			productRefGroup = B5C7D5A029503B6200A363B9 /* Products */;
			projectDirPath = "";
			projectRoot = "";
			targets = (
				B5C7D59E29503B6200A363B9 /* EcommerceConcept */,
			);
		};
/* End PBXProject section */

/* Begin PBXResourcesBuildPhase section */
		B5C7D59D29503B6200A363B9 /* Resources */ = {
			isa = PBXResourcesBuildPhase;
			buildActionMask = 2147483647;
			files = (
				B5B4C93F29510172001F8FDB /* Mark Pro.ttf in Resources */,
				B5B4C9692951EE68001F8FDB /* products.json in Resources */,
				B5B4C9432951018C001F8FDB /* Mark Pro Heavy.ttf in Resources */,
				B5C7D5AA29503B6400A363B9 /* Preview Assets.xcassets in Resources */,
				B5B4C9412951017F001F8FDB /* Mark Pro Bold.ttf in Resources */,
				B5B4C96A2951EE68001F8FDB /* basket.json in Resources */,
				B5B4C9452951019A001F8FDB /* Mark Pro Medium.ttf in Resources */,
				B5C7D5A729503B6400A363B9 /* Assets.xcassets in Resources */,
				B5B4C96B2951EE68001F8FDB /* details.json in Resources */,
				B5B4C95529510C88001F8FDB /* Launch Screen.storyboard in Resources */,
			);
			runOnlyForDeploymentPostprocessing = 0;
		};
/* End PBXResourcesBuildPhase section */

/* Begin PBXSourcesBuildPhase section */
		B5C7D59B29503B6200A363B9 /* Sources */ = {
			isa = PBXSourcesBuildPhase;
			buildActionMask = 2147483647;
			files = (
				B5B4C95D2951DDDC001F8FDB /* CartView.swift in Sources */,
				B5B4C9482951025C001F8FDB /* CustomFonts.swift in Sources */,
				B5B4C94F29510B6F001F8FDB /* Cart.swift in Sources */,
				B5C7D5BB2950937D00A363B9 /* DetailProduct.swift in Sources */,
				B5B4C9592951B3D6001F8FDB /* SharedDataModel.swift in Sources */,
				B55C03072955F3A900708A29 /* ProductItemView.swift in Sources */,
				B5B4C957295193F1001F8FDB /* TabBar.swift in Sources */,
				B5B4C95B2951D605001F8FDB /* CustomCorners.swift in Sources */,
				B5B4C95129510B78001F8FDB /* Favorites.swift in Sources */,
				B5B4C96D2951EEA5001F8FDB /* CodableBundleExtension.swift in Sources */,
				B5B4C99B2952E67F001F8FDB /* SnapCarousel.swift in Sources */,
				B5B4C94D29510B62001F8FDB /* Explorer.swift in Sources */,
				B5C7D5B129503F5400A363B9 /* DownloadManager.swift in Sources */,
				B5C7D5A529503B6200A363B9 /* ContentView.swift in Sources */,
				B55C03092955FB3E00708A29 /* ProductsGridView.swift in Sources */,
				B5C7D5BD2950938D00A363B9 /* BasketModel.swift in Sources */,
				B55C02FC2955C84300708A29 /* HotSalesView.swift in Sources */,
				B5B4C95329510B89001F8FDB /* Profile.swift in Sources */,
				B55C02FA2955A42D00708A29 /* ExplorerViewModel.swift in Sources */,
				B5B4C96F2951EFD8001F8FDB /* ProductsStore.swift in Sources */,
				B5B4C97129522573001F8FDB /* DetailProductView.swift in Sources */,
				B5C7D5A329503B6200A363B9 /* EcommerceConceptApp.swift in Sources */,
				B5C7D5B92950934300A363B9 /* MainModel.swift in Sources */,
				B55C03032955EF2600708A29 /* HotSalesTabView.swift in Sources */,
			);
			runOnlyForDeploymentPostprocessing = 0;
		};
/* End PBXSourcesBuildPhase section */

/* Begin XCBuildConfiguration section */
		B5C7D5AB29503B6400A363B9 /* Debug */ = {
			isa = XCBuildConfiguration;
			buildSettings = {
				ALWAYS_SEARCH_USER_PATHS = NO;
				CLANG_ANALYZER_NONNULL = YES;
				CLANG_ANALYZER_NUMBER_OBJECT_CONVERSION = YES_AGGRESSIVE;
				CLANG_CXX_LANGUAGE_STANDARD = "gnu++20";
				CLANG_ENABLE_MODULES = YES;
				CLANG_ENABLE_OBJC_ARC = YES;
				CLANG_ENABLE_OBJC_WEAK = YES;
				CLANG_WARN_BLOCK_CAPTURE_AUTORELEASING = YES;
				CLANG_WARN_BOOL_CONVERSION = YES;
				CLANG_WARN_COMMA = YES;
				CLANG_WARN_CONSTANT_CONVERSION = YES;
				CLANG_WARN_DEPRECATED_OBJC_IMPLEMENTATIONS = YES;
				CLANG_WARN_DIRECT_OBJC_ISA_USAGE = YES_ERROR;
				CLANG_WARN_DOCUMENTATION_COMMENTS = YES;
				CLANG_WARN_EMPTY_BODY = YES;
				CLANG_WARN_ENUM_CONVERSION = YES;
				CLANG_WARN_INFINITE_RECURSION = YES;
				CLANG_WARN_INT_CONVERSION = YES;
				CLANG_WARN_NON_LITERAL_NULL_CONVERSION = YES;
				CLANG_WARN_OBJC_IMPLICIT_RETAIN_SELF = YES;
				CLANG_WARN_OBJC_LITERAL_CONVERSION = YES;
				CLANG_WARN_OBJC_ROOT_CLASS = YES_ERROR;
				CLANG_WARN_QUOTED_INCLUDE_IN_FRAMEWORK_HEADER = YES;
				CLANG_WARN_RANGE_LOOP_ANALYSIS = YES;
				CLANG_WARN_STRICT_PROTOTYPES = YES;
				CLANG_WARN_SUSPICIOUS_MOVE = YES;
				CLANG_WARN_UNGUARDED_AVAILABILITY = YES_AGGRESSIVE;
				CLANG_WARN_UNREACHABLE_CODE = YES;
				CLANG_WARN__DUPLICATE_METHOD_MATCH = YES;
				COPY_PHASE_STRIP = NO;
				DEBUG_INFORMATION_FORMAT = dwarf;
				ENABLE_STRICT_OBJC_MSGSEND = YES;
				ENABLE_TESTABILITY = YES;
				GCC_C_LANGUAGE_STANDARD = gnu11;
				GCC_DYNAMIC_NO_PIC = NO;
				GCC_NO_COMMON_BLOCKS = YES;
				GCC_OPTIMIZATION_LEVEL = 0;
				GCC_PREPROCESSOR_DEFINITIONS = (
					"DEBUG=1",
					"$(inherited)",
				);
				GCC_WARN_64_TO_32_BIT_CONVERSION = YES;
				GCC_WARN_ABOUT_RETURN_TYPE = YES_ERROR;
				GCC_WARN_UNDECLARED_SELECTOR = YES;
				GCC_WARN_UNINITIALIZED_AUTOS = YES_AGGRESSIVE;
				GCC_WARN_UNUSED_FUNCTION = YES;
				GCC_WARN_UNUSED_VARIABLE = YES;
				IPHONEOS_DEPLOYMENT_TARGET = 16.2;
				MTL_ENABLE_DEBUG_INFO = INCLUDE_SOURCE;
				MTL_FAST_MATH = YES;
				ONLY_ACTIVE_ARCH = YES;
				SDKROOT = iphoneos;
				SWIFT_ACTIVE_COMPILATION_CONDITIONS = DEBUG;
				SWIFT_OPTIMIZATION_LEVEL = "-Onone";
			};
			name = Debug;
		};
		B5C7D5AC29503B6400A363B9 /* Release */ = {
			isa = XCBuildConfiguration;
			buildSettings = {
				ALWAYS_SEARCH_USER_PATHS = NO;
				CLANG_ANALYZER_NONNULL = YES;
				CLANG_ANALYZER_NUMBER_OBJECT_CONVERSION = YES_AGGRESSIVE;
				CLANG_CXX_LANGUAGE_STANDARD = "gnu++20";
				CLANG_ENABLE_MODULES = YES;
				CLANG_ENABLE_OBJC_ARC = YES;
				CLANG_ENABLE_OBJC_WEAK = YES;
				CLANG_WARN_BLOCK_CAPTURE_AUTORELEASING = YES;
				CLANG_WARN_BOOL_CONVERSION = YES;
				CLANG_WARN_COMMA = YES;
				CLANG_WARN_CONSTANT_CONVERSION = YES;
				CLANG_WARN_DEPRECATED_OBJC_IMPLEMENTATIONS = YES;
				CLANG_WARN_DIRECT_OBJC_ISA_USAGE = YES_ERROR;
				CLANG_WARN_DOCUMENTATION_COMMENTS = YES;
				CLANG_WARN_EMPTY_BODY = YES;
				CLANG_WARN_ENUM_CONVERSION = YES;
				CLANG_WARN_INFINITE_RECURSION = YES;
				CLANG_WARN_INT_CONVERSION = YES;
				CLANG_WARN_NON_LITERAL_NULL_CONVERSION = YES;
				CLANG_WARN_OBJC_IMPLICIT_RETAIN_SELF = YES;
				CLANG_WARN_OBJC_LITERAL_CONVERSION = YES;
				CLANG_WARN_OBJC_ROOT_CLASS = YES_ERROR;
				CLANG_WARN_QUOTED_INCLUDE_IN_FRAMEWORK_HEADER = YES;
				CLANG_WARN_RANGE_LOOP_ANALYSIS = YES;
				CLANG_WARN_STRICT_PROTOTYPES = YES;
				CLANG_WARN_SUSPICIOUS_MOVE = YES;
				CLANG_WARN_UNGUARDED_AVAILABILITY = YES_AGGRESSIVE;
				CLANG_WARN_UNREACHABLE_CODE = YES;
				CLANG_WARN__DUPLICATE_METHOD_MATCH = YES;
				COPY_PHASE_STRIP = NO;
				DEBUG_INFORMATION_FORMAT = "dwarf-with-dsym";
				ENABLE_NS_ASSERTIONS = NO;
				ENABLE_STRICT_OBJC_MSGSEND = YES;
				GCC_C_LANGUAGE_STANDARD = gnu11;
				GCC_NO_COMMON_BLOCKS = YES;
				GCC_WARN_64_TO_32_BIT_CONVERSION = YES;
				GCC_WARN_ABOUT_RETURN_TYPE = YES_ERROR;
				GCC_WARN_UNDECLARED_SELECTOR = YES;
				GCC_WARN_UNINITIALIZED_AUTOS = YES_AGGRESSIVE;
				GCC_WARN_UNUSED_FUNCTION = YES;
				GCC_WARN_UNUSED_VARIABLE = YES;
				IPHONEOS_DEPLOYMENT_TARGET = 16.2;
				MTL_ENABLE_DEBUG_INFO = NO;
				MTL_FAST_MATH = YES;
				SDKROOT = iphoneos;
				SWIFT_COMPILATION_MODE = wholemodule;
				SWIFT_OPTIMIZATION_LEVEL = "-O";
				VALIDATE_PRODUCT = YES;
			};
			name = Release;
		};
		B5C7D5AE29503B6400A363B9 /* Debug */ = {
			isa = XCBuildConfiguration;
			buildSettings = {
				ASSETCATALOG_COMPILER_APPICON_NAME = AppIcon;
				ASSETCATALOG_COMPILER_GLOBAL_ACCENT_COLOR_NAME = AccentColor;
				CODE_SIGN_STYLE = Automatic;
				CURRENT_PROJECT_VERSION = 1;
				DEVELOPMENT_ASSET_PATHS = "\"EcommerceConcept/Preview Content\"";
				DEVELOPMENT_TEAM = J6J4USC39N;
				ENABLE_PREVIEWS = YES;
				GENERATE_INFOPLIST_FILE = YES;
				INFOPLIST_FILE = EcommerceConcept/Info.plist;
				INFOPLIST_KEY_UIApplicationSceneManifest_Generation = YES;
				INFOPLIST_KEY_UIApplicationSupportsIndirectInputEvents = YES;
				INFOPLIST_KEY_UILaunchScreen_Generation = YES;
				INFOPLIST_KEY_UILaunchStoryboardName = "Launch Screen.storyboard";
				INFOPLIST_KEY_UISupportedInterfaceOrientations_iPad = "UIInterfaceOrientationPortrait UIInterfaceOrientationPortraitUpsideDown UIInterfaceOrientationLandscapeLeft UIInterfaceOrientationLandscapeRight";
				INFOPLIST_KEY_UISupportedInterfaceOrientations_iPhone = "UIInterfaceOrientationPortrait UIInterfaceOrientationLandscapeLeft UIInterfaceOrientationLandscapeRight";
				LD_RUNPATH_SEARCH_PATHS = (
					"$(inherited)",
					"@executable_path/Frameworks",
				);
				MARKETING_VERSION = 1.0;
				PRODUCT_BUNDLE_IDENTIFIER = com.bolgardanchenko.EcommerceConcept;
				PRODUCT_NAME = "$(TARGET_NAME)";
				SWIFT_EMIT_LOC_STRINGS = YES;
				SWIFT_VERSION = 5.0;
				TARGETED_DEVICE_FAMILY = "1,2";
			};
			name = Debug;
		};
		B5C7D5AF29503B6400A363B9 /* Release */ = {
			isa = XCBuildConfiguration;
			buildSettings = {
				ASSETCATALOG_COMPILER_APPICON_NAME = AppIcon;
				ASSETCATALOG_COMPILER_GLOBAL_ACCENT_COLOR_NAME = AccentColor;
				CODE_SIGN_STYLE = Automatic;
				CURRENT_PROJECT_VERSION = 1;
				DEVELOPMENT_ASSET_PATHS = "\"EcommerceConcept/Preview Content\"";
				DEVELOPMENT_TEAM = J6J4USC39N;
				ENABLE_PREVIEWS = YES;
				GENERATE_INFOPLIST_FILE = YES;
				INFOPLIST_FILE = EcommerceConcept/Info.plist;
				INFOPLIST_KEY_UIApplicationSceneManifest_Generation = YES;
				INFOPLIST_KEY_UIApplicationSupportsIndirectInputEvents = YES;
				INFOPLIST_KEY_UILaunchScreen_Generation = YES;
				INFOPLIST_KEY_UILaunchStoryboardName = "Launch Screen.storyboard";
				INFOPLIST_KEY_UISupportedInterfaceOrientations_iPad = "UIInterfaceOrientationPortrait UIInterfaceOrientationPortraitUpsideDown UIInterfaceOrientationLandscapeLeft UIInterfaceOrientationLandscapeRight";
				INFOPLIST_KEY_UISupportedInterfaceOrientations_iPhone = "UIInterfaceOrientationPortrait UIInterfaceOrientationLandscapeLeft UIInterfaceOrientationLandscapeRight";
				LD_RUNPATH_SEARCH_PATHS = (
					"$(inherited)",
					"@executable_path/Frameworks",
				);
				MARKETING_VERSION = 1.0;
				PRODUCT_BUNDLE_IDENTIFIER = com.bolgardanchenko.EcommerceConcept;
				PRODUCT_NAME = "$(TARGET_NAME)";
				SWIFT_EMIT_LOC_STRINGS = YES;
				SWIFT_VERSION = 5.0;
				TARGETED_DEVICE_FAMILY = "1,2";
			};
			name = Release;
		};
/* End XCBuildConfiguration section */

/* Begin XCConfigurationList section */
		B5C7D59A29503B6200A363B9 /* Build configuration list for PBXProject "EcommerceConcept" */ = {
			isa = XCConfigurationList;
			buildConfigurations = (
				B5C7D5AB29503B6400A363B9 /* Debug */,
				B5C7D5AC29503B6400A363B9 /* Release */,
			);
			defaultConfigurationIsVisible = 0;
			defaultConfigurationName = Release;
		};
		B5C7D5AD29503B6400A363B9 /* Build configuration list for PBXNativeTarget "EcommerceConcept" */ = {
			isa = XCConfigurationList;
			buildConfigurations = (
				B5C7D5AE29503B6400A363B9 /* Debug */,
				B5C7D5AF29503B6400A363B9 /* Release */,
			);
			defaultConfigurationIsVisible = 0;
			defaultConfigurationName = Release;
		};
/* End XCConfigurationList section */
	};
	rootObject = B5C7D59729503B6200A363B9 /* Project object */;
}
